{
  "name": "portfolio-resume-2",
  "lockfileVersion": 3,
  "requires": true,
  "packages": {
    "": {
      "dependencies": {
        "ionicons": "^7.3.1"
      }
    },
    "node_modules/@stencil/core": {
      "version": "4.14.0",
      "resolved": "https://registry.npmjs.org/@stencil/core/-/core-4.14.0.tgz",
      "integrity": "sha512-+s0u/KsNolXZ7tC2hEMgMA3jaNaqOhZvYKwSzjQbc0Wv+cB481Isxzo7ifgEWRYqsJzNSyqhO6cyu/EJrGGTdg==",
      "bin": {
        "stencil": "bin/stencil"
      },
      "engines": {
        "node": ">=16.0.0",
        "npm": ">=7.10.0"
      }
    },
    "node_modules/ionicons": {
      "version": "7.3.1",
      "resolved": "https://registry.npmjs.org/ionicons/-/ionicons-7.3.1.tgz",
      "integrity": "sha512-1boG4EQTBBpQ4/0PU60Yi78Iw/k8iNtKu9c0NmsbzHGnWAcwpiovG9Wi/rk5UlF+DC+CR4XDCxKo91YqvAxkww==",
      "dependencies": {
        "@stencil/core": "^4.0.3"
      }
    }
  }
}
